// !$*UTF8*$!
{
	archiveVersion = 1;
	classes = {
	};
	objectVersion = 46;
	objects = {

/* Begin PBXBuildFile section */
		A87D8B0E1E8CB8B4000A84F5 /* main.m in Sources */ = {isa = PBXBuildFile; fileRef = A87D8B0D1E8CB8B4000A84F5 /* main.m */; };
		A87D8B111E8CB8B4000A84F5 /* AppDelegate.m in Sources */ = {isa = PBXBuildFile; fileRef = A87D8B101E8CB8B4000A84F5 /* AppDelegate.m */; };
		A87D8B191E8CB8B4000A84F5 /* Assets.xcassets in Resources */ = {isa = PBXBuildFile; fileRef = A87D8B181E8CB8B4000A84F5 /* Assets.xcassets */; };
		A87D8B1C1E8CB8B4000A84F5 /* LaunchScreen.storyboard in Resources */ = {isa = PBXBuildFile; fileRef = A87D8B1A1E8CB8B4000A84F5 /* LaunchScreen.storyboard */; };
		A87D8B431E8CBB18000A84F5 /* RootTabbarController.m in Sources */ = {isa = PBXBuildFile; fileRef = A87D8B421E8CBB18000A84F5 /* RootTabbarController.m */; };
		A87D8B461E8CBB27000A84F5 /* BaseNavigationController.m in Sources */ = {isa = PBXBuildFile; fileRef = A87D8B451E8CBB27000A84F5 /* BaseNavigationController.m */; };
		A87D8B491E8CBB8B000A84F5 /* DKBaseViewController.m in Sources */ = {isa = PBXBuildFile; fileRef = A87D8B481E8CBB8B000A84F5 /* DKBaseViewController.m */; };
		A87D8B4D1E8CBB9E000A84F5 /* BaseViewModel.m in Sources */ = {isa = PBXBuildFile; fileRef = A87D8B4B1E8CBB9E000A84F5 /* BaseViewModel.m */; };
		A87D8B501E8CBBDB000A84F5 /* DKHomeVC.m in Sources */ = {isa = PBXBuildFile; fileRef = A87D8B4F1E8CBBDB000A84F5 /* DKHomeVC.m */; };
		A87D8B531E8CBBE4000A84F5 /* DKActivityVC.m in Sources */ = {isa = PBXBuildFile; fileRef = A87D8B521E8CBBE4000A84F5 /* DKActivityVC.m */; };
		A87D8B561E8CBBEC000A84F5 /* DKMeVC.m in Sources */ = {isa = PBXBuildFile; fileRef = A87D8B551E8CBBEC000A84F5 /* DKMeVC.m */; };
		A87D8B591E8CBBF5000A84F5 /* DKHomeVM.m in Sources */ = {isa = PBXBuildFile; fileRef = A87D8B581E8CBBF5000A84F5 /* DKHomeVM.m */; };
		A87D8B5C1E8CBBFF000A84F5 /* DKActivityVM.m in Sources */ = {isa = PBXBuildFile; fileRef = A87D8B5B1E8CBBFF000A84F5 /* DKActivityVM.m */; };
		A87D8B5F1E8CBC07000A84F5 /* DKMeVM.m in Sources */ = {isa = PBXBuildFile; fileRef = A87D8B5E1E8CBC07000A84F5 /* DKMeVM.m */; };
		A87D8B671E8CDDD0000A84F5 /* ViewModelNavigationImpl.m in Sources */ = {isa = PBXBuildFile; fileRef = A87D8B661E8CDDD0000A84F5 /* ViewModelNavigationImpl.m */; };
		A87D8B731E8CF008000A84F5 /* MapManager.m in Sources */ = {isa = PBXBuildFile; fileRef = A87D8B721E8CF008000A84F5 /* MapManager.m */; };
		A87D8B781E8CF3B6000A84F5 /* RequestManager.m in Sources */ = {isa = PBXBuildFile; fileRef = A87D8B751E8CF3B6000A84F5 /* RequestManager.m */; };
		A87D8B791E8CF3B6000A84F5 /* NetWork.m in Sources */ = {isa = PBXBuildFile; fileRef = A87D8B771E8CF3B6000A84F5 /* NetWork.m */; };
		AD6D10F1FBE84096D09FA316 /* libPods-BuyCar.a in Frameworks */ = {isa = PBXBuildFile; fileRef = CC42139FA02E50033CD2B201 /* libPods-BuyCar.a */; };
/* End PBXBuildFile section */

/* Begin PBXFileReference section */
		A87D8B091E8CB8B4000A84F5 /* BuyCar.app */ = {isa = PBXFileReference; explicitFileType = wrapper.application; includeInIndex = 0; path = BuyCar.app; sourceTree = BUILT_PRODUCTS_DIR; };
		A87D8B0D1E8CB8B4000A84F5 /* main.m */ = {isa = PBXFileReference; lastKnownFileType = sourcecode.c.objc; path = main.m; sourceTree = "<group>"; };
		A87D8B0F1E8CB8B4000A84F5 /* AppDelegate.h */ = {isa = PBXFileReference; lastKnownFileType = sourcecode.c.h; path = AppDelegate.h; sourceTree = "<group>"; };
		A87D8B101E8CB8B4000A84F5 /* AppDelegate.m */ = {isa = PBXFileReference; lastKnownFileType = sourcecode.c.objc; path = AppDelegate.m; sourceTree = "<group>"; };
		A87D8B181E8CB8B4000A84F5 /* Assets.xcassets */ = {isa = PBXFileReference; lastKnownFileType = folder.assetcatalog; path = Assets.xcassets; sourceTree = "<group>"; };
		A87D8B1B1E8CB8B4000A84F5 /* Base */ = {isa = PBXFileReference; lastKnownFileType = file.storyboard; name = Base; path = Base.lproj/LaunchScreen.storyboard; sourceTree = "<group>"; };
		A87D8B1D1E8CB8B4000A84F5 /* Info.plist */ = {isa = PBXFileReference; lastKnownFileType = text.plist.xml; path = Info.plist; sourceTree = "<group>"; };
		A87D8B3C1E8CBA61000A84F5 /* BuyCar.pch */ = {isa = PBXFileReference; lastKnownFileType = sourcecode.c.h; path = BuyCar.pch; sourceTree = "<group>"; };
		A87D8B3E1E8CBAA3000A84F5 /* URL.h */ = {isa = PBXFileReference; lastKnownFileType = sourcecode.c.h; path = URL.h; sourceTree = "<group>"; };
		A87D8B3F1E8CBAAF000A84F5 /* ColorAndFont.h */ = {isa = PBXFileReference; lastKnownFileType = sourcecode.c.h; path = ColorAndFont.h; sourceTree = "<group>"; };
		A87D8B401E8CBAF9000A84F5 /* Config.h */ = {isa = PBXFileReference; lastKnownFileType = sourcecode.c.h; path = Config.h; sourceTree = "<group>"; };
		A87D8B411E8CBB18000A84F5 /* RootTabbarController.h */ = {isa = PBXFileReference; fileEncoding = 4; lastKnownFileType = sourcecode.c.h; path = RootTabbarController.h; sourceTree = "<group>"; };
		A87D8B421E8CBB18000A84F5 /* RootTabbarController.m */ = {isa = PBXFileReference; fileEncoding = 4; lastKnownFileType = sourcecode.c.objc; path = RootTabbarController.m; sourceTree = "<group>"; };
		A87D8B441E8CBB27000A84F5 /* BaseNavigationController.h */ = {isa = PBXFileReference; fileEncoding = 4; lastKnownFileType = sourcecode.c.h; path = BaseNavigationController.h; sourceTree = "<group>"; };
		A87D8B451E8CBB27000A84F5 /* BaseNavigationController.m */ = {isa = PBXFileReference; fileEncoding = 4; lastKnownFileType = sourcecode.c.objc; path = BaseNavigationController.m; sourceTree = "<group>"; };
		A87D8B471E8CBB8B000A84F5 /* DKBaseViewController.h */ = {isa = PBXFileReference; fileEncoding = 4; lastKnownFileType = sourcecode.c.h; path = DKBaseViewController.h; sourceTree = "<group>"; };
		A87D8B481E8CBB8B000A84F5 /* DKBaseViewController.m */ = {isa = PBXFileReference; fileEncoding = 4; lastKnownFileType = sourcecode.c.objc; path = DKBaseViewController.m; sourceTree = "<group>"; };
		A87D8B4A1E8CBB9E000A84F5 /* BaseViewModel.h */ = {isa = PBXFileReference; fileEncoding = 4; lastKnownFileType = sourcecode.c.h; path = BaseViewModel.h; sourceTree = "<group>"; };
		A87D8B4B1E8CBB9E000A84F5 /* BaseViewModel.m */ = {isa = PBXFileReference; fileEncoding = 4; lastKnownFileType = sourcecode.c.objc; path = BaseViewModel.m; sourceTree = "<group>"; };
		A87D8B4C1E8CBB9E000A84F5 /* BaseViewModelProtocol.h */ = {isa = PBXFileReference; fileEncoding = 4; lastKnownFileType = sourcecode.c.h; path = BaseViewModelProtocol.h; sourceTree = "<group>"; };
		A87D8B4E1E8CBBDB000A84F5 /* DKHomeVC.h */ = {isa = PBXFileReference; fileEncoding = 4; lastKnownFileType = sourcecode.c.h; path = DKHomeVC.h; sourceTree = "<group>"; };
		A87D8B4F1E8CBBDB000A84F5 /* DKHomeVC.m */ = {isa = PBXFileReference; fileEncoding = 4; lastKnownFileType = sourcecode.c.objc; path = DKHomeVC.m; sourceTree = "<group>"; };
		A87D8B511E8CBBE4000A84F5 /* DKActivityVC.h */ = {isa = PBXFileReference; fileEncoding = 4; lastKnownFileType = sourcecode.c.h; path = DKActivityVC.h; sourceTree = "<group>"; };
		A87D8B521E8CBBE4000A84F5 /* DKActivityVC.m */ = {isa = PBXFileReference; fileEncoding = 4; lastKnownFileType = sourcecode.c.objc; path = DKActivityVC.m; sourceTree = "<group>"; };
		A87D8B541E8CBBEC000A84F5 /* DKMeVC.h */ = {isa = PBXFileReference; fileEncoding = 4; lastKnownFileType = sourcecode.c.h; path = DKMeVC.h; sourceTree = "<group>"; };
		A87D8B551E8CBBEC000A84F5 /* DKMeVC.m */ = {isa = PBXFileReference; fileEncoding = 4; lastKnownFileType = sourcecode.c.objc; path = DKMeVC.m; sourceTree = "<group>"; };
		A87D8B571E8CBBF5000A84F5 /* DKHomeVM.h */ = {isa = PBXFileReference; fileEncoding = 4; lastKnownFileType = sourcecode.c.h; path = DKHomeVM.h; sourceTree = "<group>"; };
		A87D8B581E8CBBF5000A84F5 /* DKHomeVM.m */ = {isa = PBXFileReference; fileEncoding = 4; lastKnownFileType = sourcecode.c.objc; path = DKHomeVM.m; sourceTree = "<group>"; };
		A87D8B5A1E8CBBFF000A84F5 /* DKActivityVM.h */ = {isa = PBXFileReference; fileEncoding = 4; lastKnownFileType = sourcecode.c.h; path = DKActivityVM.h; sourceTree = "<group>"; };
		A87D8B5B1E8CBBFF000A84F5 /* DKActivityVM.m */ = {isa = PBXFileReference; fileEncoding = 4; lastKnownFileType = sourcecode.c.objc; path = DKActivityVM.m; sourceTree = "<group>"; };
		A87D8B5D1E8CBC07000A84F5 /* DKMeVM.h */ = {isa = PBXFileReference; fileEncoding = 4; lastKnownFileType = sourcecode.c.h; path = DKMeVM.h; sourceTree = "<group>"; };
		A87D8B5E1E8CBC07000A84F5 /* DKMeVM.m */ = {isa = PBXFileReference; fileEncoding = 4; lastKnownFileType = sourcecode.c.objc; path = DKMeVM.m; sourceTree = "<group>"; };
		A87D8B651E8CDDD0000A84F5 /* ViewModelNavigationImpl.h */ = {isa = PBXFileReference; fileEncoding = 4; lastKnownFileType = sourcecode.c.h; path = ViewModelNavigationImpl.h; sourceTree = "<group>"; };
		A87D8B661E8CDDD0000A84F5 /* ViewModelNavigationImpl.m */ = {isa = PBXFileReference; fileEncoding = 4; lastKnownFileType = sourcecode.c.objc; path = ViewModelNavigationImpl.m; sourceTree = "<group>"; };
		A87D8B711E8CF008000A84F5 /* MapManager.h */ = {isa = PBXFileReference; fileEncoding = 4; lastKnownFileType = sourcecode.c.h; path = MapManager.h; sourceTree = "<group>"; };
		A87D8B721E8CF008000A84F5 /* MapManager.m */ = {isa = PBXFileReference; fileEncoding = 4; lastKnownFileType = sourcecode.c.objc; path = MapManager.m; sourceTree = "<group>"; };
		A87D8B741E8CF3B6000A84F5 /* RequestManager.h */ = {isa = PBXFileReference; fileEncoding = 4; lastKnownFileType = sourcecode.c.h; path = RequestManager.h; sourceTree = "<group>"; };
		A87D8B751E8CF3B6000A84F5 /* RequestManager.m */ = {isa = PBXFileReference; fileEncoding = 4; lastKnownFileType = sourcecode.c.objc; path = RequestManager.m; sourceTree = "<group>"; };
		A87D8B761E8CF3B6000A84F5 /* NetWork.h */ = {isa = PBXFileReference; fileEncoding = 4; lastKnownFileType = sourcecode.c.h; path = NetWork.h; sourceTree = "<group>"; };
		A87D8B771E8CF3B6000A84F5 /* NetWork.m */ = {isa = PBXFileReference; fileEncoding = 4; lastKnownFileType = sourcecode.c.objc; path = NetWork.m; sourceTree = "<group>"; };
		CC42139FA02E50033CD2B201 /* libPods-BuyCar.a */ = {isa = PBXFileReference; explicitFileType = archive.ar; includeInIndex = 0; path = "libPods-BuyCar.a"; sourceTree = BUILT_PRODUCTS_DIR; };
		F620681FB7D199C16EACACE1 /* Pods-BuyCar.debug.xcconfig */ = {isa = PBXFileReference; includeInIndex = 1; lastKnownFileType = text.xcconfig; name = "Pods-BuyCar.debug.xcconfig"; path = "Pods/Target Support Files/Pods-BuyCar/Pods-BuyCar.debug.xcconfig"; sourceTree = "<group>"; };
		FADE49422889A8BFF5CCF353 /* Pods-BuyCar.release.xcconfig */ = {isa = PBXFileReference; includeInIndex = 1; lastKnownFileType = text.xcconfig; name = "Pods-BuyCar.release.xcconfig"; path = "Pods/Target Support Files/Pods-BuyCar/Pods-BuyCar.release.xcconfig"; sourceTree = "<group>"; };
/* End PBXFileReference section */

/* Begin PBXFrameworksBuildPhase section */
		A87D8B061E8CB8B4000A84F5 /* Frameworks */ = {
			isa = PBXFrameworksBuildPhase;
			buildActionMask = 2147483647;
			files = (
				AD6D10F1FBE84096D09FA316 /* libPods-BuyCar.a in Frameworks */,
			);
			runOnlyForDeploymentPostprocessing = 0;
		};
/* End PBXFrameworksBuildPhase section */

/* Begin PBXGroup section */
		0AC5AF29FFA867417D0DA0BA /* Frameworks */ = {
			isa = PBXGroup;
			children = (
				CC42139FA02E50033CD2B201 /* libPods-BuyCar.a */,
			);
			name = Frameworks;
			sourceTree = "<group>";
		};
		A87D8B001E8CB8B4000A84F5 = {
			isa = PBXGroup;
			children = (
				A87D8B0B1E8CB8B4000A84F5 /* BuyCar */,
				A87D8B0A1E8CB8B4000A84F5 /* Products */,
				B91161B5824B83EF48EC6604 /* Pods */,
				0AC5AF29FFA867417D0DA0BA /* Frameworks */,
			);
			sourceTree = "<group>";
		};
		A87D8B0A1E8CB8B4000A84F5 /* Products */ = {
			isa = PBXGroup;
			children = (
				A87D8B091E8CB8B4000A84F5 /* BuyCar.app */,
			);
			name = Products;
			sourceTree = "<group>";
		};
		A87D8B0B1E8CB8B4000A84F5 /* BuyCar */ = {
			isa = PBXGroup;
			children = (
				A87D8B3B1E8CBA25000A84F5 /* APPDELEGATE */,
				A87D8B231E8CBA22000A84F5 /* Classes */,
				A87D8B391E8CBA22000A84F5 /* Resource */,
				A87D8B3A1E8CBA22000A84F5 /* Vendor */,
				A87D8B3C1E8CBA61000A84F5 /* BuyCar.pch */,
				A87D8B0C1E8CB8B4000A84F5 /* Supporting Files */,
			);
			path = BuyCar;
			sourceTree = "<group>";
		};
		A87D8B0C1E8CB8B4000A84F5 /* Supporting Files */ = {
			isa = PBXGroup;
			children = (
				A87D8B181E8CB8B4000A84F5 /* Assets.xcassets */,
				A87D8B1A1E8CB8B4000A84F5 /* LaunchScreen.storyboard */,
				A87D8B1D1E8CB8B4000A84F5 /* Info.plist */,
				A87D8B0D1E8CB8B4000A84F5 /* main.m */,
			);
			name = "Supporting Files";
			sourceTree = "<group>";
		};
		A87D8B231E8CBA22000A84F5 /* Classes */ = {
			isa = PBXGroup;
			children = (
				A87D8B281E8CBA22000A84F5 /* Root */,
				A87D8B241E8CBA22000A84F5 /* Base */,
				A87D8B251E8CBA22000A84F5 /* Category */,
				A87D8B641E8CC0E0000A84F5 /* Tool */,
				A87D8B261E8CBA22000A84F5 /* Common */,
				A87D8B271E8CBA22000A84F5 /* Macro */,
				A87D8B291E8CBA22000A84F5 /* Section */,
			);
			path = Classes;
			sourceTree = "<group>";
		};
		A87D8B241E8CBA22000A84F5 /* Base */ = {
			isa = PBXGroup;
			children = (
				A87D8B441E8CBB27000A84F5 /* BaseNavigationController.h */,
				A87D8B451E8CBB27000A84F5 /* BaseNavigationController.m */,
				A87D8B471E8CBB8B000A84F5 /* DKBaseViewController.h */,
				A87D8B481E8CBB8B000A84F5 /* DKBaseViewController.m */,
				A87D8B631E8CBFE8000A84F5 /* ViewModel */,
			);
			path = Base;
			sourceTree = "<group>";
		};
		A87D8B251E8CBA22000A84F5 /* Category */ = {
			isa = PBXGroup;
			children = (
			);
			path = Category;
			sourceTree = "<group>";
		};
		A87D8B261E8CBA22000A84F5 /* Common */ = {
			isa = PBXGroup;
			children = (
			);
			path = Common;
			sourceTree = "<group>";
		};
		A87D8B271E8CBA22000A84F5 /* Macro */ = {
			isa = PBXGroup;
			children = (
				A87D8B3E1E8CBAA3000A84F5 /* URL.h */,
				A87D8B3F1E8CBAAF000A84F5 /* ColorAndFont.h */,
				A87D8B401E8CBAF9000A84F5 /* Config.h */,
			);
			path = Macro;
			sourceTree = "<group>";
		};
		A87D8B281E8CBA22000A84F5 /* Root */ = {
			isa = PBXGroup;
			children = (
				A87D8B411E8CBB18000A84F5 /* RootTabbarController.h */,
				A87D8B421E8CBB18000A84F5 /* RootTabbarController.m */,
			);
			path = Root;
			sourceTree = "<group>";
		};
		A87D8B291E8CBA22000A84F5 /* Section */ = {
			isa = PBXGroup;
			children = (
				A87D8B2F1E8CBA22000A84F5 /* Home */,
				A87D8B2A1E8CBA22000A84F5 /* Activity */,
				A87D8B341E8CBA22000A84F5 /* Me */,
			);
			path = Section;
			sourceTree = "<group>";
		};
		A87D8B2A1E8CBA22000A84F5 /* Activity */ = {
			isa = PBXGroup;
			children = (
				A87D8B2B1E8CBA22000A84F5 /* Controller */,
				A87D8B2C1E8CBA22000A84F5 /* Model */,
				A87D8B2D1E8CBA22000A84F5 /* View */,
				A87D8B2E1E8CBA22000A84F5 /* ViewModel */,
			);
			path = Activity;
			sourceTree = "<group>";
		};
		A87D8B2B1E8CBA22000A84F5 /* Controller */ = {
			isa = PBXGroup;
			children = (
				A87D8B511E8CBBE4000A84F5 /* DKActivityVC.h */,
				A87D8B521E8CBBE4000A84F5 /* DKActivityVC.m */,
			);
			path = Controller;
			sourceTree = "<group>";
		};
		A87D8B2C1E8CBA22000A84F5 /* Model */ = {
			isa = PBXGroup;
			children = (
			);
			path = Model;
			sourceTree = "<group>";
		};
		A87D8B2D1E8CBA22000A84F5 /* View */ = {
			isa = PBXGroup;
			children = (
			);
			path = View;
			sourceTree = "<group>";
		};
		A87D8B2E1E8CBA22000A84F5 /* ViewModel */ = {
			isa = PBXGroup;
			children = (
				A87D8B5A1E8CBBFF000A84F5 /* DKActivityVM.h */,
				A87D8B5B1E8CBBFF000A84F5 /* DKActivityVM.m */,
			);
			path = ViewModel;
			sourceTree = "<group>";
		};
		A87D8B2F1E8CBA22000A84F5 /* Home */ = {
			isa = PBXGroup;
			children = (
				A87D8B301E8CBA22000A84F5 /* Controller */,
				A87D8B311E8CBA22000A84F5 /* Model */,
				A87D8B321E8CBA22000A84F5 /* View */,
				A87D8B331E8CBA22000A84F5 /* ViewModel */,
			);
			path = Home;
			sourceTree = "<group>";
		};
		A87D8B301E8CBA22000A84F5 /* Controller */ = {
			isa = PBXGroup;
			children = (
				A87D8B4E1E8CBBDB000A84F5 /* DKHomeVC.h */,
				A87D8B4F1E8CBBDB000A84F5 /* DKHomeVC.m */,
			);
			path = Controller;
			sourceTree = "<group>";
		};
		A87D8B311E8CBA22000A84F5 /* Model */ = {
			isa = PBXGroup;
			children = (
			);
			path = Model;
			sourceTree = "<group>";
		};
		A87D8B321E8CBA22000A84F5 /* View */ = {
			isa = PBXGroup;
			children = (
			);
			path = View;
			sourceTree = "<group>";
		};
		A87D8B331E8CBA22000A84F5 /* ViewModel */ = {
			isa = PBXGroup;
			children = (
				A87D8B571E8CBBF5000A84F5 /* DKHomeVM.h */,
				A87D8B581E8CBBF5000A84F5 /* DKHomeVM.m */,
			);
			path = ViewModel;
			sourceTree = "<group>";
		};
		A87D8B341E8CBA22000A84F5 /* Me */ = {
			isa = PBXGroup;
			children = (
				A87D8B351E8CBA22000A84F5 /* Controller */,
				A87D8B361E8CBA22000A84F5 /* Model */,
				A87D8B371E8CBA22000A84F5 /* View */,
				A87D8B381E8CBA22000A84F5 /* ViewModel */,
			);
			path = Me;
			sourceTree = "<group>";
		};
		A87D8B351E8CBA22000A84F5 /* Controller */ = {
			isa = PBXGroup;
			children = (
				A87D8B541E8CBBEC000A84F5 /* DKMeVC.h */,
				A87D8B551E8CBBEC000A84F5 /* DKMeVC.m */,
			);
			path = Controller;
			sourceTree = "<group>";
		};
		A87D8B361E8CBA22000A84F5 /* Model */ = {
			isa = PBXGroup;
			children = (
			);
			path = Model;
			sourceTree = "<group>";
		};
		A87D8B371E8CBA22000A84F5 /* View */ = {
			isa = PBXGroup;
			children = (
			);
			path = View;
			sourceTree = "<group>";
		};
		A87D8B381E8CBA22000A84F5 /* ViewModel */ = {
			isa = PBXGroup;
			children = (
				A87D8B5D1E8CBC07000A84F5 /* DKMeVM.h */,
				A87D8B5E1E8CBC07000A84F5 /* DKMeVM.m */,
			);
			path = ViewModel;
			sourceTree = "<group>";
		};
		A87D8B391E8CBA22000A84F5 /* Resource */ = {
			isa = PBXGroup;
			children = (
			);
			path = Resource;
			sourceTree = "<group>";
		};
		A87D8B3A1E8CBA22000A84F5 /* Vendor */ = {
			isa = PBXGroup;
			children = (
			);
			path = Vendor;
			sourceTree = "<group>";
		};
		A87D8B3B1E8CBA25000A84F5 /* APPDELEGATE */ = {
			isa = PBXGroup;
			children = (
				A87D8B0F1E8CB8B4000A84F5 /* AppDelegate.h */,
				A87D8B101E8CB8B4000A84F5 /* AppDelegate.m */,
			);
			name = APPDELEGATE;
			sourceTree = "<group>";
		};
		A87D8B631E8CBFE8000A84F5 /* ViewModel */ = {
			isa = PBXGroup;
			children = (
				A87D8B4A1E8CBB9E000A84F5 /* BaseViewModel.h */,
				A87D8B4B1E8CBB9E000A84F5 /* BaseViewModel.m */,
				A87D8B4C1E8CBB9E000A84F5 /* BaseViewModelProtocol.h */,
				A87D8B651E8CDDD0000A84F5 /* ViewModelNavigationImpl.h */,
				A87D8B661E8CDDD0000A84F5 /* ViewModelNavigationImpl.m */,
			);
			name = ViewModel;
			sourceTree = "<group>";
		};
		A87D8B641E8CC0E0000A84F5 /* Tool */ = {
			isa = PBXGroup;
			children = (
				A87D8B711E8CF008000A84F5 /* MapManager.h */,
				A87D8B721E8CF008000A84F5 /* MapManager.m */,
				A87D8B741E8CF3B6000A84F5 /* RequestManager.h */,
				A87D8B751E8CF3B6000A84F5 /* RequestManager.m */,
				A87D8B761E8CF3B6000A84F5 /* NetWork.h */,
				A87D8B771E8CF3B6000A84F5 /* NetWork.m */,
			);
			path = Tool;
			sourceTree = "<group>";
		};
		B91161B5824B83EF48EC6604 /* Pods */ = {
			isa = PBXGroup;
			children = (
				F620681FB7D199C16EACACE1 /* Pods-BuyCar.debug.xcconfig */,
				FADE49422889A8BFF5CCF353 /* Pods-BuyCar.release.xcconfig */,
			);
			name = Pods;
			sourceTree = "<group>";
		};
/* End PBXGroup section */

/* Begin PBXNativeTarget section */
		A87D8B081E8CB8B4000A84F5 /* BuyCar */ = {
			isa = PBXNativeTarget;
			buildConfigurationList = A87D8B201E8CB8B4000A84F5 /* Build configuration list for PBXNativeTarget "BuyCar" */;
			buildPhases = (
				876C05A63E892EA44A319F5A /* [CP] Check Pods Manifest.lock */,
				A87D8B051E8CB8B4000A84F5 /* Sources */,
				A87D8B061E8CB8B4000A84F5 /* Frameworks */,
				A87D8B071E8CB8B4000A84F5 /* Resources */,
				0C7D79A58FA0521AB004F24D /* [CP] Embed Pods Frameworks */,
				0298101AD5E07F468174DBF0 /* [CP] Copy Pods Resources */,
			);
			buildRules = (
			);
			dependencies = (
			);
			name = BuyCar;
			productName = BuyCar;
			productReference = A87D8B091E8CB8B4000A84F5 /* BuyCar.app */;
			productType = "com.apple.product-type.application";
		};
/* End PBXNativeTarget section */

/* Begin PBXProject section */
		A87D8B011E8CB8B4000A84F5 /* Project object */ = {
			isa = PBXProject;
			attributes = {
				LastUpgradeCheck = 0810;
				ORGANIZATIONNAME = "Meng Fan";
				TargetAttributes = {
					A87D8B081E8CB8B4000A84F5 = {
						CreatedOnToolsVersion = 8.1;
						DevelopmentTeam = S36MBZ2R78;
						ProvisioningStyle = Automatic;
					};
				};
			};
			buildConfigurationList = A87D8B041E8CB8B4000A84F5 /* Build configuration list for PBXProject "BuyCar" */;
			compatibilityVersion = "Xcode 3.2";
			developmentRegion = English;
			hasScannedForEncodings = 0;
			knownRegions = (
				en,
				Base,
			);
			mainGroup = A87D8B001E8CB8B4000A84F5;
			productRefGroup = A87D8B0A1E8CB8B4000A84F5 /* Products */;
			projectDirPath = "";
			projectRoot = "";
			targets = (
				A87D8B081E8CB8B4000A84F5 /* BuyCar */,
			);
		};
/* End PBXProject section */

/* Begin PBXResourcesBuildPhase section */
		A87D8B071E8CB8B4000A84F5 /* Resources */ = {
			isa = PBXResourcesBuildPhase;
			buildActionMask = 2147483647;
			files = (
				A87D8B1C1E8CB8B4000A84F5 /* LaunchScreen.storyboard in Resources */,
				A87D8B191E8CB8B4000A84F5 /* Assets.xcassets in Resources */,
			);
			runOnlyForDeploymentPostprocessing = 0;
		};
/* End PBXResourcesBuildPhase section */

/* Begin PBXShellScriptBuildPhase section */
		0298101AD5E07F468174DBF0 /* [CP] Copy Pods Resources */ = {
			isa = PBXShellScriptBuildPhase;
			buildActionMask = 2147483647;
			files = (
			);
			inputPaths = (
			);
			name = "[CP] Copy Pods Resources";
			outputPaths = (
			);
			runOnlyForDeploymentPostprocessing = 0;
			shellPath = /bin/sh;
			shellScript = "\"${SRCROOT}/Pods/Target Support Files/Pods-BuyCar/Pods-BuyCar-resources.sh\"\n";
			showEnvVarsInLog = 0;
		};
		0C7D79A58FA0521AB004F24D /* [CP] Embed Pods Frameworks */ = {
			isa = PBXShellScriptBuildPhase;
			buildActionMask = 2147483647;
			files = (
			);
			inputPaths = (
			);
			name = "[CP] Embed Pods Frameworks";
			outputPaths = (
			);
			runOnlyForDeploymentPostprocessing = 0;
			shellPath = /bin/sh;
			shellScript = "\"${SRCROOT}/Pods/Target Support Files/Pods-BuyCar/Pods-BuyCar-frameworks.sh\"\n";
			showEnvVarsInLog = 0;
		};
		876C05A63E892EA44A319F5A /* [CP] Check Pods Manifest.lock */ = {
			isa = PBXShellScriptBuildPhase;
			buildActionMask = 2147483647;
			files = (
			);
			inputPaths = (
			);
			name = "[CP] Check Pods Manifest.lock";
			outputPaths = (
			);
			runOnlyForDeploymentPostprocessing = 0;
			shellPath = /bin/sh;
			shellScript = "diff \"${PODS_ROOT}/../Podfile.lock\" \"${PODS_ROOT}/Manifest.lock\" > /dev/null\nif [[ $? != 0 ]] ; then\n    cat << EOM\nerror: The sandbox is not in sync with the Podfile.lock. Run 'pod install' or update your CocoaPods installation.\nEOM\n    exit 1\nfi\n";
			showEnvVarsInLog = 0;
		};
/* End PBXShellScriptBuildPhase section */

/* Begin PBXSourcesBuildPhase section */
		A87D8B051E8CB8B4000A84F5 /* Sources */ = {
			isa = PBXSourcesBuildPhase;
			buildActionMask = 2147483647;
			files = (
				A87D8B781E8CF3B6000A84F5 /* RequestManager.m in Sources */,
				A87D8B671E8CDDD0000A84F5 /* ViewModelNavigationImpl.m in Sources */,
				A87D8B461E8CBB27000A84F5 /* BaseNavigationController.m in Sources */,
				A87D8B731E8CF008000A84F5 /* MapManager.m in Sources */,
				A87D8B5C1E8CBBFF000A84F5 /* DKActivityVM.m in Sources */,
				A87D8B4D1E8CBB9E000A84F5 /* BaseViewModel.m in Sources */,
				A87D8B431E8CBB18000A84F5 /* RootTabbarController.m in Sources */,
				A87D8B561E8CBBEC000A84F5 /* DKMeVC.m in Sources */,
				A87D8B591E8CBBF5000A84F5 /* DKHomeVM.m in Sources */,
				A87D8B111E8CB8B4000A84F5 /* AppDelegate.m in Sources */,
				A87D8B0E1E8CB8B4000A84F5 /* main.m in Sources */,
				A87D8B501E8CBBDB000A84F5 /* DKHomeVC.m in Sources */,
				A87D8B531E8CBBE4000A84F5 /* DKActivityVC.m in Sources */,
				A87D8B491E8CBB8B000A84F5 /* DKBaseViewController.m in Sources */,
				A87D8B791E8CF3B6000A84F5 /* NetWork.m in Sources */,
				A87D8B5F1E8CBC07000A84F5 /* DKMeVM.m in Sources */,
			);
			runOnlyForDeploymentPostprocessing = 0;
		};
/* End PBXSourcesBuildPhase section */

/* Begin PBXVariantGroup section */
		A87D8B1A1E8CB8B4000A84F5 /* LaunchScreen.storyboard */ = {
			isa = PBXVariantGroup;
			children = (
				A87D8B1B1E8CB8B4000A84F5 /* Base */,
			);
			name = LaunchScreen.storyboard;
			sourceTree = "<group>";
		};
/* End PBXVariantGroup section */

/* Begin XCBuildConfiguration section */
		A87D8B1E1E8CB8B4000A84F5 /* Debug */ = {
			isa = XCBuildConfiguration;
			buildSettings = {
				ALWAYS_SEARCH_USER_PATHS = NO;
				CLANG_ANALYZER_NONNULL = YES;
				CLANG_CXX_LANGUAGE_STANDARD = "gnu++0x";
				CLANG_CXX_LIBRARY = "libc++";
				CLANG_ENABLE_MODULES = YES;
				CLANG_ENABLE_OBJC_ARC = YES;
				CLANG_WARN_BOOL_CONVERSION = YES;
				CLANG_WARN_CONSTANT_CONVERSION = YES;
				CLANG_WARN_DIRECT_OBJC_ISA_USAGE = YES_ERROR;
				CLANG_WARN_DOCUMENTATION_COMMENTS = YES;
				CLANG_WARN_EMPTY_BODY = YES;
				CLANG_WARN_ENUM_CONVERSION = YES;
				CLANG_WARN_INFINITE_RECURSION = YES;
				CLANG_WARN_INT_CONVERSION = YES;
				CLANG_WARN_OBJC_ROOT_CLASS = YES_ERROR;
				CLANG_WARN_SUSPICIOUS_MOVES = YES;
				CLANG_WARN_UNREACHABLE_CODE = YES;
				CLANG_WARN__DUPLICATE_METHOD_MATCH = YES;
				"CODE_SIGN_IDENTITY[sdk=iphoneos*]" = "iPhone Developer";
				COPY_PHASE_STRIP = NO;
				DEBUG_INFORMATION_FORMAT = dwarf;
				ENABLE_STRICT_OBJC_MSGSEND = YES;
				ENABLE_TESTABILITY = YES;
				GCC_C_LANGUAGE_STANDARD = gnu99;
				GCC_DYNAMIC_NO_PIC = NO;
				GCC_NO_COMMON_BLOCKS = YES;
				GCC_OPTIMIZATION_LEVEL = 0;
				GCC_PREPROCESSOR_DEFINITIONS = (
					"DEBUG=1",
					"$(inherited)",
				);
				GCC_WARN_64_TO_32_BIT_CONVERSION = YES;
				GCC_WARN_ABOUT_RETURN_TYPE = YES_ERROR;
				GCC_WARN_UNDECLARED_SELECTOR = YES;
				GCC_WARN_UNINITIALIZED_AUTOS = YES_AGGRESSIVE;
				GCC_WARN_UNUSED_FUNCTION = YES;
				GCC_WARN_UNUSED_VARIABLE = YES;
				IPHONEOS_DEPLOYMENT_TARGET = 10.1;
				MTL_ENABLE_DEBUG_INFO = YES;
				ONLY_ACTIVE_ARCH = YES;
				SDKROOT = iphoneos;
			};
			name = Debug;
		};
		A87D8B1F1E8CB8B4000A84F5 /* Release */ = {
			isa = XCBuildConfiguration;
			buildSettings = {
				ALWAYS_SEARCH_USER_PATHS = NO;
				CLANG_ANALYZER_NONNULL = YES;
				CLANG_CXX_LANGUAGE_STANDARD = "gnu++0x";
				CLANG_CXX_LIBRARY = "libc++";
				CLANG_ENABLE_MODULES = YES;
				CLANG_ENABLE_OBJC_ARC = YES;
				CLANG_WARN_BOOL_CONVERSION = YES;
				CLANG_WARN_CONSTANT_CONVERSION = YES;
				CLANG_WARN_DIRECT_OBJC_ISA_USAGE = YES_ERROR;
				CLANG_WARN_DOCUMENTATION_COMMENTS = YES;
				CLANG_WARN_EMPTY_BODY = YES;
				CLANG_WARN_ENUM_CONVERSION = YES;
				CLANG_WARN_INFINITE_RECURSION = YES;
				CLANG_WARN_INT_CONVERSION = YES;
				CLANG_WARN_OBJC_ROOT_CLASS = YES_ERROR;
				CLANG_WARN_SUSPICIOUS_MOVES = YES;
				CLANG_WARN_UNREACHABLE_CODE = YES;
				CLANG_WARN__DUPLICATE_METHOD_MATCH = YES;
				"CODE_SIGN_IDENTITY[sdk=iphoneos*]" = "iPhone Developer";
				COPY_PHASE_STRIP = NO;
				DEBUG_INFORMATION_FORMAT = "dwarf-with-dsym";
				ENABLE_NS_ASSERTIONS = NO;
				ENABLE_STRICT_OBJC_MSGSEND = YES;
				GCC_C_LANGUAGE_STANDARD = gnu99;
				GCC_NO_COMMON_BLOCKS = YES;
				GCC_WARN_64_TO_32_BIT_CONVERSION = YES;
				GCC_WARN_ABOUT_RETURN_TYPE = YES_ERROR;
				GCC_WARN_UNDECLARED_SELECTOR = YES;
				GCC_WARN_UNINITIALIZED_AUTOS = YES_AGGRESSIVE;
				GCC_WARN_UNUSED_FUNCTION = YES;
				GCC_WARN_UNUSED_VARIABLE = YES;
				IPHONEOS_DEPLOYMENT_TARGET = 10.1;
				MTL_ENABLE_DEBUG_INFO = NO;
				SDKROOT = iphoneos;
				VALIDATE_PRODUCT = YES;
			};
			name = Release;
		};
		A87D8B211E8CB8B4000A84F5 /* Debug */ = {
			isa = XCBuildConfiguration;
			baseConfigurationReference = F620681FB7D199C16EACACE1 /* Pods-BuyCar.debug.xcconfig */;
			buildSettings = {
				ASSETCATALOG_COMPILER_APPICON_NAME = AppIcon;
				DEVELOPMENT_TEAM = S36MBZ2R78;
				GCC_PREFIX_HEADER = "$(SRCROOT)/BuyCar/BuyCar.pch";
				INFOPLIST_FILE = BuyCar/Info.plist;
				IPHONEOS_DEPLOYMENT_TARGET = 9.0;
				LD_RUNPATH_SEARCH_PATHS = "$(inherited) @executable_path/Frameworks";
				PRODUCT_BUNDLE_IDENTIFIER = com.dk.BuyCar;
				PRODUCT_NAME = "$(TARGET_NAME)";
			};
			name = Debug;
		};
		A87D8B221E8CB8B4000A84F5 /* Release */ = {
			isa = XCBuildConfiguration;
			baseConfigurationReference = FADE49422889A8BFF5CCF353 /* Pods-BuyCar.release.xcconfig */;
			buildSettings = {
				ASSETCATALOG_COMPILER_APPICON_NAME = AppIcon;
				DEVELOPMENT_TEAM = S36MBZ2R78;
				GCC_PREFIX_HEADER = "$(SRCROOT)/BuyCar/BuyCar.pch";
				INFOPLIST_FILE = BuyCar/Info.plist;
				IPHONEOS_DEPLOYMENT_TARGET = 9.0;
				LD_RUNPATH_SEARCH_PATHS = "$(inherited) @executable_path/Frameworks";
				PRODUCT_BUNDLE_IDENTIFIER = com.dk.BuyCar;
				PRODUCT_NAME = "$(TARGET_NAME)";
			};
			name = Release;
		};
/* End XCBuildConfiguration section */

/* Begin XCConfigurationList section */
		A87D8B041E8CB8B4000A84F5 /* Build configuration list for PBXProject "BuyCar" */ = {
			isa = XCConfigurationList;
			buildConfigurations = (
				A87D8B1E1E8CB8B4000A84F5 /* Debug */,
				A87D8B1F1E8CB8B4000A84F5 /* Release */,
			);
			defaultConfigurationIsVisible = 0;
			defaultConfigurationName = Release;
		};
		A87D8B201E8CB8B4000A84F5 /* Build configuration list for PBXNativeTarget "BuyCar" */ = {
			isa = XCConfigurationList;
			buildConfigurations = (
				A87D8B211E8CB8B4000A84F5 /* Debug */,
				A87D8B221E8CB8B4000A84F5 /* Release */,
			);
			defaultConfigurationIsVisible = 0;
			defaultConfigurationName = Release;
		};
/* End XCConfigurationList section */
	};
	rootObject = A87D8B011E8CB8B4000A84F5 /* Project object */;
}
